
Microsoft Visual Studio Solution File, Format Version 12.00
# Visual Studio Version 17
VisualStudioVersion = 17.3.32825.248
MinimumVisualStudioVersion = 10.0.40219.1
Project("{FAE04EC0-301F-11D3-BF4B-00C04F79EFBC}") = "Assignment2", "Assignment2\Assignment2.csproj", "{70351B10-FA02-420F-AA01-C145733DFAE6}"
EndProject
Global
	GlobalSection(SolutionConfigurationPlatforms) = preSolution
		Debug|Any CPU = Debug|Any CPU
		Release|Any CPU = Release|Any CPU
	EndGlobalSection
	GlobalSection(ProjectConfigurationPlatforms) = postSolution
		{70351B10-FA02-420F-AA01-C145733DFAE6}.Debug|Any CPU.ActiveCfg = Debug|Any CPU
		{70351B10-FA02-420F-AA01-C145733DFAE6}.Debug|Any CPU.Build.0 = Debug|Any CPU
		{70351B10-FA02-420F-AA01-C145733DFAE6}.Release|Any CPU.ActiveCfg = Release|Any CPU
		{70351B10-FA02-420F-AA01-C145733DFAE6}.Release|Any CPU.Build.0 = Release|Any CPU
	EndGlobalSection
	GlobalSection(SolutionProperties) = preSolution
		HideSolutionNode = FALSE
	EndGlobalSection
	GlobalSection(ExtensibilityGlobals) = postSolution
		SolutionGuid = {594001F9-3096-4E8A-8E88-4AC850349DF4}
	EndGlobalSection
EndGlobal
