
Microsoft Visual Studio Solution File, Format Version 12.00
# Visual Studio Version 17
VisualStudioVersion = 17.3.32825.248
MinimumVisualStudioVersion = 10.0.40219.1
Project("{FAE04EC0-301F-11D3-BF4B-00C04F79EFBC}") = "ReservationAssignment", "ReservationAssignment\ReservationAssignment.csproj", "{26F5DF1D-718F-4F4B-8C05-4D248D32DE0B}"
EndProject
Global
	GlobalSection(SolutionConfigurationPlatforms) = preSolution
		Debug|Any CPU = Debug|Any CPU
		Release|Any CPU = Release|Any CPU
	EndGlobalSection
	GlobalSection(ProjectConfigurationPlatforms) = postSolution
		{26F5DF1D-718F-4F4B-8C05-4D248D32DE0B}.Debug|Any CPU.ActiveCfg = Debug|Any CPU
		{26F5DF1D-718F-4F4B-8C05-4D248D32DE0B}.Debug|Any CPU.Build.0 = Debug|Any CPU
		{26F5DF1D-718F-4F4B-8C05-4D248D32DE0B}.Release|Any CPU.ActiveCfg = Release|Any CPU
		{26F5DF1D-718F-4F4B-8C05-4D248D32DE0B}.Release|Any CPU.Build.0 = Release|Any CPU
	EndGlobalSection
	GlobalSection(SolutionProperties) = preSolution
		HideSolutionNode = FALSE
	EndGlobalSection
	GlobalSection(ExtensibilityGlobals) = postSolution
		SolutionGuid = {CFC4D3B8-FAFC-4804-B5E3-6444D69F8F98}
	EndGlobalSection
EndGlobal
