
Microsoft Visual Studio Solution File, Format Version 12.00
# Visual Studio Version 17
VisualStudioVersion = 17.3.32825.248
MinimumVisualStudioVersion = 10.0.40219.1
Project("{FAE04EC0-301F-11D3-BF4B-00C04F79EFBC}") = "UnitTestDemo", "UnitTestDemo\UnitTestDemo.csproj", "{6CC8B814-2B8B-482F-9A3E-590D4A73547E}"
EndProject
Project("{FAE04EC0-301F-11D3-BF4B-00C04F79EFBC}") = "CalculatorDemo", "CalculatorDemo\CalculatorDemo.csproj", "{B66B773A-7FB5-4434-840A-78015D7D17B5}"
EndProject
Global
	GlobalSection(SolutionConfigurationPlatforms) = preSolution
		Debug|Any CPU = Debug|Any CPU
		Release|Any CPU = Release|Any CPU
	EndGlobalSection
	GlobalSection(ProjectConfigurationPlatforms) = postSolution
		{6CC8B814-2B8B-482F-9A3E-590D4A73547E}.Debug|Any CPU.ActiveCfg = Debug|Any CPU
		{6CC8B814-2B8B-482F-9A3E-590D4A73547E}.Debug|Any CPU.Build.0 = Debug|Any CPU
		{6CC8B814-2B8B-482F-9A3E-590D4A73547E}.Release|Any CPU.ActiveCfg = Release|Any CPU
		{6CC8B814-2B8B-482F-9A3E-590D4A73547E}.Release|Any CPU.Build.0 = Release|Any CPU
		{B66B773A-7FB5-4434-840A-78015D7D17B5}.Debug|Any CPU.ActiveCfg = Debug|Any CPU
		{B66B773A-7FB5-4434-840A-78015D7D17B5}.Debug|Any CPU.Build.0 = Debug|Any CPU
		{B66B773A-7FB5-4434-840A-78015D7D17B5}.Release|Any CPU.ActiveCfg = Release|Any CPU
		{B66B773A-7FB5-4434-840A-78015D7D17B5}.Release|Any CPU.Build.0 = Release|Any CPU
	EndGlobalSection
	GlobalSection(SolutionProperties) = preSolution
		HideSolutionNode = FALSE
	EndGlobalSection
	GlobalSection(ExtensibilityGlobals) = postSolution
		SolutionGuid = {088D9B93-BE31-47AF-9557-C36D312EB72C}
	EndGlobalSection
EndGlobal
