
Microsoft Visual Studio Solution File, Format Version 12.00
# Visual Studio Version 17
VisualStudioVersion = 17.3.32825.248
MinimumVisualStudioVersion = 10.0.40219.1
Project("{FAE04EC0-301F-11D3-BF4B-00C04F79EFBC}") = "NullableDemo", "NullableDemo\NullableDemo.csproj", "{EA34D617-6605-41DB-8BDE-68E6B5DC007A}"
EndProject
Global
	GlobalSection(SolutionConfigurationPlatforms) = preSolution
		Debug|Any CPU = Debug|Any CPU
		Release|Any CPU = Release|Any CPU
	EndGlobalSection
	GlobalSection(ProjectConfigurationPlatforms) = postSolution
		{EA34D617-6605-41DB-8BDE-68E6B5DC007A}.Debug|Any CPU.ActiveCfg = Debug|Any CPU
		{EA34D617-6605-41DB-8BDE-68E6B5DC007A}.Debug|Any CPU.Build.0 = Debug|Any CPU
		{EA34D617-6605-41DB-8BDE-68E6B5DC007A}.Release|Any CPU.ActiveCfg = Release|Any CPU
		{EA34D617-6605-41DB-8BDE-68E6B5DC007A}.Release|Any CPU.Build.0 = Release|Any CPU
	EndGlobalSection
	GlobalSection(SolutionProperties) = preSolution
		HideSolutionNode = FALSE
	EndGlobalSection
	GlobalSection(ExtensibilityGlobals) = postSolution
		SolutionGuid = {3DE6162B-350A-4D72-85C7-BCEE9B8AA06A}
	EndGlobalSection
EndGlobal
