
Microsoft Visual Studio Solution File, Format Version 12.00
# Visual Studio Version 17
VisualStudioVersion = 17.3.32825.248
MinimumVisualStudioVersion = 10.0.40219.1
Project("{FAE04EC0-301F-11D3-BF4B-00C04F79EFBC}") = "01. Name", "01. Name\01. Name.csproj", "{8071B469-3D5C-4BB9-850C-5DDBD326790D}"
EndProject
Project("{FAE04EC0-301F-11D3-BF4B-00C04F79EFBC}") = "02. IDSelector", "02. IDSelector\02. IDSelector.csproj", "{B839AFE6-25C5-4B2D-A6A2-00676CC04AF3}"
EndProject
Project("{FAE04EC0-301F-11D3-BF4B-00C04F79EFBC}") = "03. Class Selecctor", "03. Class Selecctor\03. Class Selecctor.csproj", "{9B41B0A8-284C-4172-B71B-6733E63C5455}"
EndProject
Project("{FAE04EC0-301F-11D3-BF4B-00C04F79EFBC}") = "04. CSS and Xpath", "04. CSS and Xpath\04. CSS and Xpath.csproj", "{6493C12B-1A30-4778-B59F-F82E800B72A7}"
EndProject
Project("{FAE04EC0-301F-11D3-BF4B-00C04F79EFBC}") = "NoSuchElementException", "NoSuchElementException\NoSuchElementException.csproj", "{4D3DAC68-7021-4D42-A93D-374AC29BF915}"
EndProject
Project("{FAE04EC0-301F-11D3-BF4B-00C04F79EFBC}") = "05. Text Input Field", "05. Text Input Field\05. Text Input Field.csproj", "{376F6187-B13C-4C69-8A05-74EC08C9BA37}"
EndProject
Project("{FAE04EC0-301F-11D3-BF4B-00C04F79EFBC}") = "06. Check Box Selection", "06. Check Box Selection\06. Check Box Selection.csproj", "{17E8085E-9998-4201-915C-B5A9C5D4780F}"
EndProject
Project("{FAE04EC0-301F-11D3-BF4B-00C04F79EFBC}") = "Radio Button Selection", "Radio Button Selection\Radio Button Selection.csproj", "{EF4F0AEE-C698-4694-A1EF-10D30EB80E03}"
EndProject
Project("{FAE04EC0-301F-11D3-BF4B-00C04F79EFBC}") = "Drop Down Selection", "Drop Down Selection\Drop Down Selection.csproj", "{29CB3E01-FCA2-4025-BD4D-2BADBC6D8D29}"
EndProject
Global
	GlobalSection(SolutionConfigurationPlatforms) = preSolution
		Debug|Any CPU = Debug|Any CPU
		Release|Any CPU = Release|Any CPU
	EndGlobalSection
	GlobalSection(ProjectConfigurationPlatforms) = postSolution
		{8071B469-3D5C-4BB9-850C-5DDBD326790D}.Debug|Any CPU.ActiveCfg = Debug|Any CPU
		{8071B469-3D5C-4BB9-850C-5DDBD326790D}.Debug|Any CPU.Build.0 = Debug|Any CPU
		{8071B469-3D5C-4BB9-850C-5DDBD326790D}.Release|Any CPU.ActiveCfg = Release|Any CPU
		{8071B469-3D5C-4BB9-850C-5DDBD326790D}.Release|Any CPU.Build.0 = Release|Any CPU
		{B839AFE6-25C5-4B2D-A6A2-00676CC04AF3}.Debug|Any CPU.ActiveCfg = Debug|Any CPU
		{B839AFE6-25C5-4B2D-A6A2-00676CC04AF3}.Debug|Any CPU.Build.0 = Debug|Any CPU
		{B839AFE6-25C5-4B2D-A6A2-00676CC04AF3}.Release|Any CPU.ActiveCfg = Release|Any CPU
		{B839AFE6-25C5-4B2D-A6A2-00676CC04AF3}.Release|Any CPU.Build.0 = Release|Any CPU
		{9B41B0A8-284C-4172-B71B-6733E63C5455}.Debug|Any CPU.ActiveCfg = Debug|Any CPU
		{9B41B0A8-284C-4172-B71B-6733E63C5455}.Debug|Any CPU.Build.0 = Debug|Any CPU
		{9B41B0A8-284C-4172-B71B-6733E63C5455}.Release|Any CPU.ActiveCfg = Release|Any CPU
		{9B41B0A8-284C-4172-B71B-6733E63C5455}.Release|Any CPU.Build.0 = Release|Any CPU
		{6493C12B-1A30-4778-B59F-F82E800B72A7}.Debug|Any CPU.ActiveCfg = Debug|Any CPU
		{6493C12B-1A30-4778-B59F-F82E800B72A7}.Debug|Any CPU.Build.0 = Debug|Any CPU
		{6493C12B-1A30-4778-B59F-F82E800B72A7}.Release|Any CPU.ActiveCfg = Release|Any CPU
		{6493C12B-1A30-4778-B59F-F82E800B72A7}.Release|Any CPU.Build.0 = Release|Any CPU
		{4D3DAC68-7021-4D42-A93D-374AC29BF915}.Debug|Any CPU.ActiveCfg = Debug|Any CPU
		{4D3DAC68-7021-4D42-A93D-374AC29BF915}.Debug|Any CPU.Build.0 = Debug|Any CPU
		{4D3DAC68-7021-4D42-A93D-374AC29BF915}.Release|Any CPU.ActiveCfg = Release|Any CPU
		{4D3DAC68-7021-4D42-A93D-374AC29BF915}.Release|Any CPU.Build.0 = Release|Any CPU
		{376F6187-B13C-4C69-8A05-74EC08C9BA37}.Debug|Any CPU.ActiveCfg = Debug|Any CPU
		{376F6187-B13C-4C69-8A05-74EC08C9BA37}.Debug|Any CPU.Build.0 = Debug|Any CPU
		{376F6187-B13C-4C69-8A05-74EC08C9BA37}.Release|Any CPU.ActiveCfg = Release|Any CPU
		{376F6187-B13C-4C69-8A05-74EC08C9BA37}.Release|Any CPU.Build.0 = Release|Any CPU
		{17E8085E-9998-4201-915C-B5A9C5D4780F}.Debug|Any CPU.ActiveCfg = Debug|Any CPU
		{17E8085E-9998-4201-915C-B5A9C5D4780F}.Debug|Any CPU.Build.0 = Debug|Any CPU
		{17E8085E-9998-4201-915C-B5A9C5D4780F}.Release|Any CPU.ActiveCfg = Release|Any CPU
		{17E8085E-9998-4201-915C-B5A9C5D4780F}.Release|Any CPU.Build.0 = Release|Any CPU
		{EF4F0AEE-C698-4694-A1EF-10D30EB80E03}.Debug|Any CPU.ActiveCfg = Debug|Any CPU
		{EF4F0AEE-C698-4694-A1EF-10D30EB80E03}.Debug|Any CPU.Build.0 = Debug|Any CPU
		{EF4F0AEE-C698-4694-A1EF-10D30EB80E03}.Release|Any CPU.ActiveCfg = Release|Any CPU
		{EF4F0AEE-C698-4694-A1EF-10D30EB80E03}.Release|Any CPU.Build.0 = Release|Any CPU
		{29CB3E01-FCA2-4025-BD4D-2BADBC6D8D29}.Debug|Any CPU.ActiveCfg = Debug|Any CPU
		{29CB3E01-FCA2-4025-BD4D-2BADBC6D8D29}.Debug|Any CPU.Build.0 = Debug|Any CPU
		{29CB3E01-FCA2-4025-BD4D-2BADBC6D8D29}.Release|Any CPU.ActiveCfg = Release|Any CPU
		{29CB3E01-FCA2-4025-BD4D-2BADBC6D8D29}.Release|Any CPU.Build.0 = Release|Any CPU
	EndGlobalSection
	GlobalSection(SolutionProperties) = preSolution
		HideSolutionNode = FALSE
	EndGlobalSection
	GlobalSection(ExtensibilityGlobals) = postSolution
		SolutionGuid = {26E57804-D459-41C3-A9BA-22017F83FB75}
	EndGlobalSection
EndGlobal
