
Microsoft Visual Studio Solution File, Format Version 12.00
# Visual Studio Version 17
VisualStudioVersion = 17.3.32825.248
MinimumVisualStudioVersion = 10.0.40219.1
Project("{FAE04EC0-301F-11D3-BF4B-00C04F79EFBC}") = "01. Name", "01. Name\01. Name.csproj", "{8071B469-3D5C-4BB9-850C-5DDBD326790D}"
EndProject
Project("{FAE04EC0-301F-11D3-BF4B-00C04F79EFBC}") = "02. IDSelector", "02. IDSelector\02. IDSelector.csproj", "{B839AFE6-25C5-4B2D-A6A2-00676CC04AF3}"
EndProject
Project("{FAE04EC0-301F-11D3-BF4B-00C04F79EFBC}") = "03. Class Selecctor", "03. Class Selecctor\03. Class Selecctor.csproj", "{9B41B0A8-284C-4172-B71B-6733E63C5455}"
EndProject
Project("{FAE04EC0-301F-11D3-BF4B-00C04F79EFBC}") = "04. CSS and Xpath", "04. CSS and Xpath\04. CSS and Xpath.csproj", "{6493C12B-1A30-4778-B59F-F82E800B72A7}"
EndProject
Global
	GlobalSection(SolutionConfigurationPlatforms) = preSolution
		Debug|Any CPU = Debug|Any CPU
		Release|Any CPU = Release|Any CPU
	EndGlobalSection
	GlobalSection(ProjectConfigurationPlatforms) = postSolution
		{8071B469-3D5C-4BB9-850C-5DDBD326790D}.Debug|Any CPU.ActiveCfg = Debug|Any CPU
		{8071B469-3D5C-4BB9-850C-5DDBD326790D}.Debug|Any CPU.Build.0 = Debug|Any CPU
		{8071B469-3D5C-4BB9-850C-5DDBD326790D}.Release|Any CPU.ActiveCfg = Release|Any CPU
		{8071B469-3D5C-4BB9-850C-5DDBD326790D}.Release|Any CPU.Build.0 = Release|Any CPU
		{B839AFE6-25C5-4B2D-A6A2-00676CC04AF3}.Debug|Any CPU.ActiveCfg = Debug|Any CPU
		{B839AFE6-25C5-4B2D-A6A2-00676CC04AF3}.Debug|Any CPU.Build.0 = Debug|Any CPU
		{B839AFE6-25C5-4B2D-A6A2-00676CC04AF3}.Release|Any CPU.ActiveCfg = Release|Any CPU
		{B839AFE6-25C5-4B2D-A6A2-00676CC04AF3}.Release|Any CPU.Build.0 = Release|Any CPU
		{9B41B0A8-284C-4172-B71B-6733E63C5455}.Debug|Any CPU.ActiveCfg = Debug|Any CPU
		{9B41B0A8-284C-4172-B71B-6733E63C5455}.Debug|Any CPU.Build.0 = Debug|Any CPU
		{9B41B0A8-284C-4172-B71B-6733E63C5455}.Release|Any CPU.ActiveCfg = Release|Any CPU
		{9B41B0A8-284C-4172-B71B-6733E63C5455}.Release|Any CPU.Build.0 = Release|Any CPU
		{6493C12B-1A30-4778-B59F-F82E800B72A7}.Debug|Any CPU.ActiveCfg = Debug|Any CPU
		{6493C12B-1A30-4778-B59F-F82E800B72A7}.Debug|Any CPU.Build.0 = Debug|Any CPU
		{6493C12B-1A30-4778-B59F-F82E800B72A7}.Release|Any CPU.ActiveCfg = Release|Any CPU
		{6493C12B-1A30-4778-B59F-F82E800B72A7}.Release|Any CPU.Build.0 = Release|Any CPU
	EndGlobalSection
	GlobalSection(SolutionProperties) = preSolution
		HideSolutionNode = FALSE
	EndGlobalSection
	GlobalSection(ExtensibilityGlobals) = postSolution
		SolutionGuid = {26E57804-D459-41C3-A9BA-22017F83FB75}
	EndGlobalSection
EndGlobal
